
Microsoft Visual Studio Solution File, Format Version 12.00
# Visual Studio Version 16
VisualStudioVersion = 16.0.32002.261
MinimumVisualStudioVersion = 10.0.40219.1
Project("{9A19103F-16F7-4668-BE54-9A1E7A4F7556}") = "TalentPlusStaff", "TalentPlusStaff\TalentPlusStaff.csproj", "{DE6A04D8-7989-4A81-B3B1-4447034FCF68}"
EndProject
Project("{9A19103F-16F7-4668-BE54-9A1E7A4F7556}") = "TalentPlusAttendance", "TalentPlusAttendance\TalentPlusAttendance.csproj", "{5616B25E-47A4-44FA-B150-FF6603F53E19}"
EndProject
Global
	GlobalSection(SolutionConfigurationPlatforms) = preSolution
		Debug|Any CPU = Debug|Any CPU
		Release|Any CPU = Release|Any CPU
	EndGlobalSection
	GlobalSection(ProjectConfigurationPlatforms) = postSolution
		{DE6A04D8-7989-4A81-B3B1-4447034FCF68}.Debug|Any CPU.ActiveCfg = Debug|Any CPU
		{DE6A04D8-7989-4A81-B3B1-4447034FCF68}.Debug|Any CPU.Build.0 = Debug|Any CPU
		{DE6A04D8-7989-4A81-B3B1-4447034FCF68}.Release|Any CPU.ActiveCfg = Release|Any CPU
		{DE6A04D8-7989-4A81-B3B1-4447034FCF68}.Release|Any CPU.Build.0 = Release|Any CPU
		{5616B25E-47A4-44FA-B150-FF6603F53E19}.Debug|Any CPU.ActiveCfg = Debug|Any CPU
		{5616B25E-47A4-44FA-B150-FF6603F53E19}.Debug|Any CPU.Build.0 = Debug|Any CPU
		{5616B25E-47A4-44FA-B150-FF6603F53E19}.Release|Any CPU.ActiveCfg = Release|Any CPU
		{5616B25E-47A4-44FA-B150-FF6603F53E19}.Release|Any CPU.Build.0 = Release|Any CPU
	EndGlobalSection
	GlobalSection(SolutionProperties) = preSolution
		HideSolutionNode = FALSE
	EndGlobalSection
	GlobalSection(ExtensibilityGlobals) = postSolution
		SolutionGuid = {EA40203D-6D3D-40DE-B080-83C100621E48}
	EndGlobalSection
EndGlobal
